
Microsoft Visual Studio Solution File, Format Version 12.00
# Visual Studio Version 17
VisualStudioVersion = 17.10.34607.79
MinimumVisualStudioVersion = 10.0.40219.1
Project("{FAE04EC0-301F-11D3-BF4B-00C04F79EFBC}") = "Module_12_WPF_HomeWork", "Module_12_WPF_HomeWork.csproj", "{D306DABA-05D0-40F5-B223-DAF13BB078EB}"
EndProject
Global
	GlobalSection(SolutionConfigurationPlatforms) = preSolution
		Debug|Any CPU = Debug|Any CPU
		Release|Any CPU = Release|Any CPU
	EndGlobalSection
	GlobalSection(ProjectConfigurationPlatforms) = postSolution
		{D306DABA-05D0-40F5-B223-DAF13BB078EB}.Debug|Any CPU.ActiveCfg = Debug|Any CPU
		{D306DABA-05D0-40F5-B223-DAF13BB078EB}.Debug|Any CPU.Build.0 = Debug|Any CPU
		{D306DABA-05D0-40F5-B223-DAF13BB078EB}.Release|Any CPU.ActiveCfg = Release|Any CPU
		{D306DABA-05D0-40F5-B223-DAF13BB078EB}.Release|Any CPU.Build.0 = Release|Any CPU
	EndGlobalSection
	GlobalSection(SolutionProperties) = preSolution
		HideSolutionNode = FALSE
	EndGlobalSection
	GlobalSection(ExtensibilityGlobals) = postSolution
		SolutionGuid = {2BC4E048-1AFC-4A55-BA4D-BCE325823343}
	EndGlobalSection
EndGlobal
